// !$*UTF8*$!
{
	archiveVersion = 1;
	classes = {
	};
	objectVersion = 50;
	objects = {

/* Begin PBXBuildFile section */
		C3F7BE4B2376499E0019582C /* AppDelegate.swift in Sources */ = {isa = PBXBuildFile; fileRef = C3F7BE4A2376499E0019582C /* AppDelegate.swift */; };
		C3F7BE4D2376499E0019582C /* SceneDelegate.swift in Sources */ = {isa = PBXBuildFile; fileRef = C3F7BE4C2376499E0019582C /* SceneDelegate.swift */; };
		C3F7BE4F2376499E0019582C /* ContentView.swift in Sources */ = {isa = PBXBuildFile; fileRef = C3F7BE4E2376499E0019582C /* ContentView.swift */; };
		C3F7BE512376499F0019582C /* Assets.xcassets in Resources */ = {isa = PBXBuildFile; fileRef = C3F7BE502376499F0019582C /* Assets.xcassets */; };
		C3F7BE542376499F0019582C /* Preview Assets.xcassets in Resources */ = {isa = PBXBuildFile; fileRef = C3F7BE532376499F0019582C /* Preview Assets.xcassets */; };
		C3F7BE572376499F0019582C /* LaunchScreen.storyboard in Resources */ = {isa = PBXBuildFile; fileRef = C3F7BE552376499F0019582C /* LaunchScreen.storyboard */; };
		C3F7BE622376499F0019582C /* CoreDataTests.swift in Sources */ = {isa = PBXBuildFile; fileRef = C3F7BE612376499F0019582C /* CoreDataTests.swift */; };
		C3F7BE6D2376499F0019582C /* CoreDataUITests.swift in Sources */ = {isa = PBXBuildFile; fileRef = C3F7BE6C2376499F0019582C /* CoreDataUITests.swift */; };
/* End PBXBuildFile section */

/* Begin PBXContainerItemProxy section */
		C3F7BE5E2376499F0019582C /* PBXContainerItemProxy */ = {
			isa = PBXContainerItemProxy;
			containerPortal = C3F7BE3F2376499D0019582C /* Project object */;
			proxyType = 1;
			remoteGlobalIDString = C3F7BE462376499E0019582C;
			remoteInfo = CoreData;
		};
		C3F7BE692376499F0019582C /* PBXContainerItemProxy */ = {
			isa = PBXContainerItemProxy;
			containerPortal = C3F7BE3F2376499D0019582C /* Project object */;
			proxyType = 1;
			remoteGlobalIDString = C3F7BE462376499E0019582C;
			remoteInfo = CoreData;
		};
/* End PBXContainerItemProxy section */

/* Begin PBXFileReference section */
		C3F7BE472376499E0019582C /* CoreData.app */ = {isa = PBXFileReference; explicitFileType = wrapper.application; includeInIndex = 0; path = CoreData.app; sourceTree = BUILT_PRODUCTS_DIR; };
		C3F7BE4A2376499E0019582C /* AppDelegate.swift */ = {isa = PBXFileReference; lastKnownFileType = sourcecode.swift; path = AppDelegate.swift; sourceTree = "<group>"; };
		C3F7BE4C2376499E0019582C /* SceneDelegate.swift */ = {isa = PBXFileReference; lastKnownFileType = sourcecode.swift; path = SceneDelegate.swift; sourceTree = "<group>"; };
		C3F7BE4E2376499E0019582C /* ContentView.swift */ = {isa = PBXFileReference; lastKnownFileType = sourcecode.swift; path = ContentView.swift; sourceTree = "<group>"; };
		C3F7BE502376499F0019582C /* Assets.xcassets */ = {isa = PBXFileReference; lastKnownFileType = folder.assetcatalog; path = Assets.xcassets; sourceTree = "<group>"; };
		C3F7BE532376499F0019582C /* Preview Assets.xcassets */ = {isa = PBXFileReference; lastKnownFileType = folder.assetcatalog; path = "Preview Assets.xcassets"; sourceTree = "<group>"; };
		C3F7BE562376499F0019582C /* Base */ = {isa = PBXFileReference; lastKnownFileType = file.storyboard; name = Base; path = Base.lproj/LaunchScreen.storyboard; sourceTree = "<group>"; };
		C3F7BE582376499F0019582C /* Info.plist */ = {isa = PBXFileReference; lastKnownFileType = text.plist.xml; path = Info.plist; sourceTree = "<group>"; };
		C3F7BE5D2376499F0019582C /* CoreDataTests.xctest */ = {isa = PBXFileReference; explicitFileType = wrapper.cfbundle; includeInIndex = 0; path = CoreDataTests.xctest; sourceTree = BUILT_PRODUCTS_DIR; };
		C3F7BE612376499F0019582C /* CoreDataTests.swift */ = {isa = PBXFileReference; lastKnownFileType = sourcecode.swift; path = CoreDataTests.swift; sourceTree = "<group>"; };
		C3F7BE632376499F0019582C /* Info.plist */ = {isa = PBXFileReference; lastKnownFileType = text.plist.xml; path = Info.plist; sourceTree = "<group>"; };
		C3F7BE682376499F0019582C /* CoreDataUITests.xctest */ = {isa = PBXFileReference; explicitFileType = wrapper.cfbundle; includeInIndex = 0; path = CoreDataUITests.xctest; sourceTree = BUILT_PRODUCTS_DIR; };
		C3F7BE6C2376499F0019582C /* CoreDataUITests.swift */ = {isa = PBXFileReference; lastKnownFileType = sourcecode.swift; path = CoreDataUITests.swift; sourceTree = "<group>"; };
		C3F7BE6E2376499F0019582C /* Info.plist */ = {isa = PBXFileReference; lastKnownFileType = text.plist.xml; path = Info.plist; sourceTree = "<group>"; };
/* End PBXFileReference section */

/* Begin PBXFrameworksBuildPhase section */
		C3F7BE442376499E0019582C /* Frameworks */ = {
			isa = PBXFrameworksBuildPhase;
			buildActionMask = 2147483647;
			files = (
			);
			runOnlyForDeploymentPostprocessing = 0;
		};
		C3F7BE5A2376499F0019582C /* Frameworks */ = {
			isa = PBXFrameworksBuildPhase;
			buildActionMask = 2147483647;
			files = (
			);
			runOnlyForDeploymentPostprocessing = 0;
		};
		C3F7BE652376499F0019582C /* Frameworks */ = {
			isa = PBXFrameworksBuildPhase;
			buildActionMask = 2147483647;
			files = (
			);
			runOnlyForDeploymentPostprocessing = 0;
		};
/* End PBXFrameworksBuildPhase section */

/* Begin PBXGroup section */
		C3F7BE3E2376499D0019582C = {
			isa = PBXGroup;
			children = (
				C3F7BE492376499E0019582C /* CoreData */,
				C3F7BE602376499F0019582C /* CoreDataTests */,
				C3F7BE6B2376499F0019582C /* CoreDataUITests */,
				C3F7BE482376499E0019582C /* Products */,
			);
			sourceTree = "<group>";
		};
		C3F7BE482376499E0019582C /* Products */ = {
			isa = PBXGroup;
			children = (
				C3F7BE472376499E0019582C /* CoreData.app */,
				C3F7BE5D2376499F0019582C /* CoreDataTests.xctest */,
				C3F7BE682376499F0019582C /* CoreDataUITests.xctest */,
			);
			name = Products;
			sourceTree = "<group>";
		};
		C3F7BE492376499E0019582C /* CoreData */ = {
			isa = PBXGroup;
			children = (
				C3F7BE4A2376499E0019582C /* AppDelegate.swift */,
				C3F7BE4C2376499E0019582C /* SceneDelegate.swift */,
				C3F7BE4E2376499E0019582C /* ContentView.swift */,
				C3F7BE502376499F0019582C /* Assets.xcassets */,
				C3F7BE552376499F0019582C /* LaunchScreen.storyboard */,
				C3F7BE582376499F0019582C /* Info.plist */,
				C3F7BE522376499F0019582C /* Preview Content */,
			);
			path = CoreData;
			sourceTree = "<group>";
		};
		C3F7BE522376499F0019582C /* Preview Content */ = {
			isa = PBXGroup;
			children = (
				C3F7BE532376499F0019582C /* Preview Assets.xcassets */,
			);
			path = "Preview Content";
			sourceTree = "<group>";
		};
		C3F7BE602376499F0019582C /* CoreDataTests */ = {
			isa = PBXGroup;
			children = (
				C3F7BE612376499F0019582C /* CoreDataTests.swift */,
				C3F7BE632376499F0019582C /* Info.plist */,
			);
			path = CoreDataTests;
			sourceTree = "<group>";
		};
		C3F7BE6B2376499F0019582C /* CoreDataUITests */ = {
			isa = PBXGroup;
			children = (
				C3F7BE6C2376499F0019582C /* CoreDataUITests.swift */,
				C3F7BE6E2376499F0019582C /* Info.plist */,
			);
			path = CoreDataUITests;
			sourceTree = "<group>";
		};
/* End PBXGroup section */

/* Begin PBXNativeTarget section */
		C3F7BE462376499E0019582C /* CoreData */ = {
			isa = PBXNativeTarget;
			buildConfigurationList = C3F7BE712376499F0019582C /* Build configuration list for PBXNativeTarget "CoreData" */;
			buildPhases = (
				C3F7BE432376499E0019582C /* Sources */,
				C3F7BE442376499E0019582C /* Frameworks */,
				C3F7BE452376499E0019582C /* Resources */,
			);
			buildRules = (
			);
			dependencies = (
			);
			name = CoreData;
			productName = CoreData;
			productReference = C3F7BE472376499E0019582C /* CoreData.app */;
			productType = "com.apple.product-type.application";
		};
		C3F7BE5C2376499F0019582C /* CoreDataTests */ = {
			isa = PBXNativeTarget;
			buildConfigurationList = C3F7BE742376499F0019582C /* Build configuration list for PBXNativeTarget "CoreDataTests" */;
			buildPhases = (
				C3F7BE592376499F0019582C /* Sources */,
				C3F7BE5A2376499F0019582C /* Frameworks */,
				C3F7BE5B2376499F0019582C /* Resources */,
			);
			buildRules = (
			);
			dependencies = (
				C3F7BE5F2376499F0019582C /* PBXTargetDependency */,
			);
			name = CoreDataTests;
			productName = CoreDataTests;
			productReference = C3F7BE5D2376499F0019582C /* CoreDataTests.xctest */;
			productType = "com.apple.product-type.bundle.unit-test";
		};
		C3F7BE672376499F0019582C /* CoreDataUITests */ = {
			isa = PBXNativeTarget;
			buildConfigurationList = C3F7BE772376499F0019582C /* Build configuration list for PBXNativeTarget "CoreDataUITests" */;
			buildPhases = (
				C3F7BE642376499F0019582C /* Sources */,
				C3F7BE652376499F0019582C /* Frameworks */,
				C3F7BE662376499F0019582C /* Resources */,
			);
			buildRules = (
			);
			dependencies = (
				C3F7BE6A2376499F0019582C /* PBXTargetDependency */,
			);
			name = CoreDataUITests;
			productName = CoreDataUITests;
			productReference = C3F7BE682376499F0019582C /* CoreDataUITests.xctest */;
			productType = "com.apple.product-type.bundle.ui-testing";
		};
/* End PBXNativeTarget section */

/* Begin PBXProject section */
		C3F7BE3F2376499D0019582C /* Project object */ = {
			isa = PBXProject;
			attributes = {
				LastSwiftUpdateCheck = 1100;
				LastUpgradeCheck = 1100;
				ORGANIZATIONNAME = "Kayla Reap";
				TargetAttributes = {
					C3F7BE462376499E0019582C = {
						CreatedOnToolsVersion = 11.0;
					};
					C3F7BE5C2376499F0019582C = {
						CreatedOnToolsVersion = 11.0;
						TestTargetID = C3F7BE462376499E0019582C;
					};
					C3F7BE672376499F0019582C = {
						CreatedOnToolsVersion = 11.0;
						TestTargetID = C3F7BE462376499E0019582C;
					};
				};
			};
			buildConfigurationList = C3F7BE422376499D0019582C /* Build configuration list for PBXProject "CoreData" */;
			compatibilityVersion = "Xcode 9.3";
			developmentRegion = en;
			hasScannedForEncodings = 0;
			knownRegions = (
				en,
				Base,
			);
			mainGroup = C3F7BE3E2376499D0019582C;
			productRefGroup = C3F7BE482376499E0019582C /* Products */;
			projectDirPath = "";
			projectRoot = "";
			targets = (
				C3F7BE462376499E0019582C /* CoreData */,
				C3F7BE5C2376499F0019582C /* CoreDataTests */,
				C3F7BE672376499F0019582C /* CoreDataUITests */,
			);
		};
/* End PBXProject section */

/* Begin PBXResourcesBuildPhase section */
		C3F7BE452376499E0019582C /* Resources */ = {
			isa = PBXResourcesBuildPhase;
			buildActionMask = 2147483647;
			files = (
				C3F7BE572376499F0019582C /* LaunchScreen.storyboard in Resources */,
				C3F7BE542376499F0019582C /* Preview Assets.xcassets in Resources */,
				C3F7BE512376499F0019582C /* Assets.xcassets in Resources */,
			);
			runOnlyForDeploymentPostprocessing = 0;
		};
		C3F7BE5B2376499F0019582C /* Resources */ = {
			isa = PBXResourcesBuildPhase;
			buildActionMask = 2147483647;
			files = (
			);
			runOnlyForDeploymentPostprocessing = 0;
		};
		C3F7BE662376499F0019582C /* Resources */ = {
			isa = PBXResourcesBuildPhase;
			buildActionMask = 2147483647;
			files = (
			);
			runOnlyForDeploymentPostprocessing = 0;
		};
/* End PBXResourcesBuildPhase section */

/* Begin PBXSourcesBuildPhase section */
		C3F7BE432376499E0019582C /* Sources */ = {
			isa = PBXSourcesBuildPhase;
			buildActionMask = 2147483647;
			files = (
				C3F7BE4B2376499E0019582C /* AppDelegate.swift in Sources */,
				C3F7BE4D2376499E0019582C /* SceneDelegate.swift in Sources */,
				C3F7BE4F2376499E0019582C /* ContentView.swift in Sources */,
			);
			runOnlyForDeploymentPostprocessing = 0;
		};
		C3F7BE592376499F0019582C /* Sources */ = {
			isa = PBXSourcesBuildPhase;
			buildActionMask = 2147483647;
			files = (
				C3F7BE622376499F0019582C /* CoreDataTests.swift in Sources */,
			);
			runOnlyForDeploymentPostprocessing = 0;
		};
		C3F7BE642376499F0019582C /* Sources */ = {
			isa = PBXSourcesBuildPhase;
			buildActionMask = 2147483647;
			files = (
				C3F7BE6D2376499F0019582C /* CoreDataUITests.swift in Sources */,
			);
			runOnlyForDeploymentPostprocessing = 0;
		};
/* End PBXSourcesBuildPhase section */

/* Begin PBXTargetDependency section */
		C3F7BE5F2376499F0019582C /* PBXTargetDependency */ = {
			isa = PBXTargetDependency;
			target = C3F7BE462376499E0019582C /* CoreData */;
			targetProxy = C3F7BE5E2376499F0019582C /* PBXContainerItemProxy */;
		};
		C3F7BE6A2376499F0019582C /* PBXTargetDependency */ = {
			isa = PBXTargetDependency;
			target = C3F7BE462376499E0019582C /* CoreData */;
			targetProxy = C3F7BE692376499F0019582C /* PBXContainerItemProxy */;
		};
/* End PBXTargetDependency section */

/* Begin PBXVariantGroup section */
		C3F7BE552376499F0019582C /* LaunchScreen.storyboard */ = {
			isa = PBXVariantGroup;
			children = (
				C3F7BE562376499F0019582C /* Base */,
			);
			name = LaunchScreen.storyboard;
			sourceTree = "<group>";
		};
/* End PBXVariantGroup section */

/* Begin XCBuildConfiguration section */
		C3F7BE6F2376499F0019582C /* Debug */ = {
			isa = XCBuildConfiguration;
			buildSettings = {
				ALWAYS_SEARCH_USER_PATHS = NO;
				CLANG_ANALYZER_NONNULL = YES;
				CLANG_ANALYZER_NUMBER_OBJECT_CONVERSION = YES_AGGRESSIVE;
				CLANG_CXX_LANGUAGE_STANDARD = "gnu++14";
				CLANG_CXX_LIBRARY = "libc++";
				CLANG_ENABLE_MODULES = YES;
				CLANG_ENABLE_OBJC_ARC = YES;
				CLANG_ENABLE_OBJC_WEAK = YES;
				CLANG_WARN_BLOCK_CAPTURE_AUTORELEASING = YES;
				CLANG_WARN_BOOL_CONVERSION = YES;
				CLANG_WARN_COMMA = YES;
				CLANG_WARN_CONSTANT_CONVERSION = YES;
				CLANG_WARN_DEPRECATED_OBJC_IMPLEMENTATIONS = YES;
				CLANG_WARN_DIRECT_OBJC_ISA_USAGE = YES_ERROR;
				CLANG_WARN_DOCUMENTATION_COMMENTS = YES;
				CLANG_WARN_EMPTY_BODY = YES;
				CLANG_WARN_ENUM_CONVERSION = YES;
				CLANG_WARN_INFINITE_RECURSION = YES;
				CLANG_WARN_INT_CONVERSION = YES;
				CLANG_WARN_NON_LITERAL_NULL_CONVERSION = YES;
				CLANG_WARN_OBJC_IMPLICIT_RETAIN_SELF = YES;
				CLANG_WARN_OBJC_LITERAL_CONVERSION = YES;
				CLANG_WARN_OBJC_ROOT_CLASS = YES_ERROR;
				CLANG_WARN_RANGE_LOOP_ANALYSIS = YES;
				CLANG_WARN_STRICT_PROTOTYPES = YES;
				CLANG_WARN_SUSPICIOUS_MOVE = YES;
				CLANG_WARN_UNGUARDED_AVAILABILITY = YES_AGGRESSIVE;
				CLANG_WARN_UNREACHABLE_CODE = YES;
				CLANG_WARN__DUPLICATE_METHOD_MATCH = YES;
				COPY_PHASE_STRIP = NO;
				DEBUG_INFORMATION_FORMAT = dwarf;
				ENABLE_STRICT_OBJC_MSGSEND = YES;
				ENABLE_TESTABILITY = YES;
				GCC_C_LANGUAGE_STANDARD = gnu11;
				GCC_DYNAMIC_NO_PIC = NO;
				GCC_NO_COMMON_BLOCKS = YES;
				GCC_OPTIMIZATION_LEVEL = 0;
				GCC_PREPROCESSOR_DEFINITIONS = (
					"DEBUG=1",
					"$(inherited)",
				);
				GCC_WARN_64_TO_32_BIT_CONVERSION = YES;
				GCC_WARN_ABOUT_RETURN_TYPE = YES_ERROR;
				GCC_WARN_UNDECLARED_SELECTOR = YES;
				GCC_WARN_UNINITIALIZED_AUTOS = YES_AGGRESSIVE;
				GCC_WARN_UNUSED_FUNCTION = YES;
				GCC_WARN_UNUSED_VARIABLE = YES;
				IPHONEOS_DEPLOYMENT_TARGET = 13.0;
				MTL_ENABLE_DEBUG_INFO = INCLUDE_SOURCE;
				MTL_FAST_MATH = YES;
				ONLY_ACTIVE_ARCH = YES;
				SDKROOT = iphoneos;
				SWIFT_ACTIVE_COMPILATION_CONDITIONS = DEBUG;
				SWIFT_OPTIMIZATION_LEVEL = "-Onone";
			};
			name = Debug;
		};
		C3F7BE702376499F0019582C /* Release */ = {
			isa = XCBuildConfiguration;
			buildSettings = {
				ALWAYS_SEARCH_USER_PATHS = NO;
				CLANG_ANALYZER_NONNULL = YES;
				CLANG_ANALYZER_NUMBER_OBJECT_CONVERSION = YES_AGGRESSIVE;
				CLANG_CXX_LANGUAGE_STANDARD = "gnu++14";
				CLANG_CXX_LIBRARY = "libc++";
				CLANG_ENABLE_MODULES = YES;
				CLANG_ENABLE_OBJC_ARC = YES;
				CLANG_ENABLE_OBJC_WEAK = YES;
				CLANG_WARN_BLOCK_CAPTURE_AUTORELEASING = YES;
				CLANG_WARN_BOOL_CONVERSION = YES;
				CLANG_WARN_COMMA = YES;
				CLANG_WARN_CONSTANT_CONVERSION = YES;
				CLANG_WARN_DEPRECATED_OBJC_IMPLEMENTATIONS = YES;
				CLANG_WARN_DIRECT_OBJC_ISA_USAGE = YES_ERROR;
				CLANG_WARN_DOCUMENTATION_COMMENTS = YES;
				CLANG_WARN_EMPTY_BODY = YES;
				CLANG_WARN_ENUM_CONVERSION = YES;
				CLANG_WARN_INFINITE_RECURSION = YES;
				CLANG_WARN_INT_CONVERSION = YES;
				CLANG_WARN_NON_LITERAL_NULL_CONVERSION = YES;
				CLANG_WARN_OBJC_IMPLICIT_RETAIN_SELF = YES;
				CLANG_WARN_OBJC_LITERAL_CONVERSION = YES;
				CLANG_WARN_OBJC_ROOT_CLASS = YES_ERROR;
				CLANG_WARN_RANGE_LOOP_ANALYSIS = YES;
				CLANG_WARN_STRICT_PROTOTYPES = YES;
				CLANG_WARN_SUSPICIOUS_MOVE = YES;
				CLANG_WARN_UNGUARDED_AVAILABILITY = YES_AGGRESSIVE;
				CLANG_WARN_UNREACHABLE_CODE = YES;
				CLANG_WARN__DUPLICATE_METHOD_MATCH = YES;
				COPY_PHASE_STRIP = NO;
				DEBUG_INFORMATION_FORMAT = "dwarf-with-dsym";
				ENABLE_NS_ASSERTIONS = NO;
				ENABLE_STRICT_OBJC_MSGSEND = YES;
				GCC_C_LANGUAGE_STANDARD = gnu11;
				GCC_NO_COMMON_BLOCKS = YES;
				GCC_WARN_64_TO_32_BIT_CONVERSION = YES;
				GCC_WARN_ABOUT_RETURN_TYPE = YES_ERROR;
				GCC_WARN_UNDECLARED_SELECTOR = YES;
				GCC_WARN_UNINITIALIZED_AUTOS = YES_AGGRESSIVE;
				GCC_WARN_UNUSED_FUNCTION = YES;
				GCC_WARN_UNUSED_VARIABLE = YES;
				IPHONEOS_DEPLOYMENT_TARGET = 13.0;
				MTL_ENABLE_DEBUG_INFO = NO;
				MTL_FAST_MATH = YES;
				SDKROOT = iphoneos;
				SWIFT_COMPILATION_MODE = wholemodule;
				SWIFT_OPTIMIZATION_LEVEL = "-O";
				VALIDATE_PRODUCT = YES;
			};
			name = Release;
		};
		C3F7BE722376499F0019582C /* Debug */ = {
			isa = XCBuildConfiguration;
			buildSettings = {
				ASSETCATALOG_COMPILER_APPICON_NAME = AppIcon;
				CODE_SIGN_STYLE = Automatic;
				DEVELOPMENT_ASSET_PATHS = "\"CoreData/Preview Content\"";
				ENABLE_PREVIEWS = YES;
				INFOPLIST_FILE = CoreData/Info.plist;
				LD_RUNPATH_SEARCH_PATHS = (
					"$(inherited)",
					"@executable_path/Frameworks",
				);
				PRODUCT_BUNDLE_IDENTIFIER = knrwdm.CoreData;
				PRODUCT_NAME = "$(TARGET_NAME)";
				SWIFT_VERSION = 5.0;
				TARGETED_DEVICE_FAMILY = "1,2";
			};
			name = Debug;
		};
		C3F7BE732376499F0019582C /* Release */ = {
			isa = XCBuildConfiguration;
			buildSettings = {
				ASSETCATALOG_COMPILER_APPICON_NAME = AppIcon;
				CODE_SIGN_STYLE = Automatic;
				DEVELOPMENT_ASSET_PATHS = "\"CoreData/Preview Content\"";
				ENABLE_PREVIEWS = YES;
				INFOPLIST_FILE = CoreData/Info.plist;
				LD_RUNPATH_SEARCH_PATHS = (
					"$(inherited)",
					"@executable_path/Frameworks",
				);
				PRODUCT_BUNDLE_IDENTIFIER = knrwdm.CoreData;
				PRODUCT_NAME = "$(TARGET_NAME)";
				SWIFT_VERSION = 5.0;
				TARGETED_DEVICE_FAMILY = "1,2";
			};
			name = Release;
		};
		C3F7BE752376499F0019582C /* Debug */ = {
			isa = XCBuildConfiguration;
			buildSettings = {
				ALWAYS_EMBED_SWIFT_STANDARD_LIBRARIES = YES;
				BUNDLE_LOADER = "$(TEST_HOST)";
				CODE_SIGN_STYLE = Automatic;
				INFOPLIST_FILE = CoreDataTests/Info.plist;
				IPHONEOS_DEPLOYMENT_TARGET = 13.0;
				LD_RUNPATH_SEARCH_PATHS = (
					"$(inherited)",
					"@executable_path/Frameworks",
					"@loader_path/Frameworks",
				);
				PRODUCT_BUNDLE_IDENTIFIER = knrwdm.CoreDataTests;
				PRODUCT_NAME = "$(TARGET_NAME)";
				SWIFT_VERSION = 5.0;
				TARGETED_DEVICE_FAMILY = "1,2";
				TEST_HOST = "$(BUILT_PRODUCTS_DIR)/CoreData.app/CoreData";
			};
			name = Debug;
		};
		C3F7BE762376499F0019582C /* Release */ = {
			isa = XCBuildConfiguration;
			buildSettings = {
				ALWAYS_EMBED_SWIFT_STANDARD_LIBRARIES = YES;
				BUNDLE_LOADER = "$(TEST_HOST)";
				CODE_SIGN_STYLE = Automatic;
				INFOPLIST_FILE = CoreDataTests/Info.plist;
				IPHONEOS_DEPLOYMENT_TARGET = 13.0;
				LD_RUNPATH_SEARCH_PATHS = (
					"$(inherited)",
					"@executable_path/Frameworks",
					"@loader_path/Frameworks",
				);
				PRODUCT_BUNDLE_IDENTIFIER = knrwdm.CoreDataTests;
				PRODUCT_NAME = "$(TARGET_NAME)";
				SWIFT_VERSION = 5.0;
				TARGETED_DEVICE_FAMILY = "1,2";
				TEST_HOST = "$(BUILT_PRODUCTS_DIR)/CoreData.app/CoreData";
			};
			name = Release;
		};
		C3F7BE782376499F0019582C /* Debug */ = {
			isa = XCBuildConfiguration;
			buildSettings = {
				ALWAYS_EMBED_SWIFT_STANDARD_LIBRARIES = YES;
				CODE_SIGN_STYLE = Automatic;
				INFOPLIST_FILE = CoreDataUITests/Info.plist;
				LD_RUNPATH_SEARCH_PATHS = (
					"$(inherited)",
					"@executable_path/Frameworks",
					"@loader_path/Frameworks",
				);
				PRODUCT_BUNDLE_IDENTIFIER = knrwdm.CoreDataUITests;
				PRODUCT_NAME = "$(TARGET_NAME)";
				SWIFT_VERSION = 5.0;
				TARGETED_DEVICE_FAMILY = "1,2";
				TEST_TARGET_NAME = CoreData;
			};
			name = Debug;
		};
		C3F7BE792376499F0019582C /* Release */ = {
			isa = XCBuildConfiguration;
			buildSettings = {
				ALWAYS_EMBED_SWIFT_STANDARD_LIBRARIES = YES;
				CODE_SIGN_STYLE = Automatic;
				INFOPLIST_FILE = CoreDataUITests/Info.plist;
				LD_RUNPATH_SEARCH_PATHS = (
					"$(inherited)",
					"@executable_path/Frameworks",
					"@loader_path/Frameworks",
				);
				PRODUCT_BUNDLE_IDENTIFIER = knrwdm.CoreDataUITests;
				PRODUCT_NAME = "$(TARGET_NAME)";
				SWIFT_VERSION = 5.0;
				TARGETED_DEVICE_FAMILY = "1,2";
				TEST_TARGET_NAME = CoreData;
			};
			name = Release;
		};
/* End XCBuildConfiguration section */

/* Begin XCConfigurationList section */
		C3F7BE422376499D0019582C /* Build configuration list for PBXProject "CoreData" */ = {
			isa = XCConfigurationList;
			buildConfigurations = (
				C3F7BE6F2376499F0019582C /* Debug */,
				C3F7BE702376499F0019582C /* Release */,
			);
			defaultConfigurationIsVisible = 0;
			defaultConfigurationName = Release;
		};
		C3F7BE712376499F0019582C /* Build configuration list for PBXNativeTarget "CoreData" */ = {
			isa = XCConfigurationList;
			buildConfigurations = (
				C3F7BE722376499F0019582C /* Debug */,
				C3F7BE732376499F0019582C /* Release */,
			);
			defaultConfigurationIsVisible = 0;
			defaultConfigurationName = Release;
		};
		C3F7BE742376499F0019582C /* Build configuration list for PBXNativeTarget "CoreDataTests" */ = {
			isa = XCConfigurationList;
			buildConfigurations = (
				C3F7BE752376499F0019582C /* Debug */,
				C3F7BE762376499F0019582C /* Release */,
			);
			defaultConfigurationIsVisible = 0;
			defaultConfigurationName = Release;
		};
		C3F7BE772376499F0019582C /* Build configuration list for PBXNativeTarget "CoreDataUITests" */ = {
			isa = XCConfigurationList;
			buildConfigurations = (
				C3F7BE782376499F0019582C /* Debug */,
				C3F7BE792376499F0019582C /* Release */,
			);
			defaultConfigurationIsVisible = 0;
			defaultConfigurationName = Release;
		};
/* End XCConfigurationList section */
	};
	rootObject = C3F7BE3F2376499D0019582C /* Project object */;
}
